// !$*UTF8*$!
{
	archiveVersion = 1;
	classes = {
	};
	objectVersion = 46;
	objects = {

/* Begin PBXBuildFile section */
		3B1FC787205BA796005C0168 /* test2.cpp in Sources */ = {isa = PBXBuildFile; fileRef = 3B1FC786205BA796005C0168 /* test2.cpp */; };
		3B36B9F7205B7CBB0049CD06 /* bpt.cc in Sources */ = {isa = PBXBuildFile; fileRef = 3B36B9F6205B7CBB0049CD06 /* bpt.cc */; };
		3B36BA14205B7CE80049CD06 /* main.cpp in Sources */ = {isa = PBXBuildFile; fileRef = 3B36BA03205B7CE80049CD06 /* main.cpp */; };
		3B36BA16205B7CE80049CD06 /* Makefile in Sources */ = {isa = PBXBuildFile; fileRef = 3B36BA05205B7CE80049CD06 /* Makefile */; };
		3B36BA17205B7CE80049CD06 /* tester.cpp in Sources */ = {isa = PBXBuildFile; fileRef = 3B36BA0F205B7CE80049CD06 /* tester.cpp */; };
/* End PBXBuildFile section */

/* Begin PBXCopyFilesBuildPhase section */
		3B36B9EA205B7CA10049CD06 /* CopyFiles */ = {
			isa = PBXCopyFilesBuildPhase;
			buildActionMask = 2147483647;
			dstPath = /usr/share/man/man1/;
			dstSubfolderSpec = 0;
			files = (
			);
			runOnlyForDeploymentPostprocessing = 1;
		};
/* End PBXCopyFilesBuildPhase section */

/* Begin PBXFileReference section */
		3B1FC786205BA796005C0168 /* test2.cpp */ = {isa = PBXFileReference; fileEncoding = 4; lastKnownFileType = sourcecode.cpp.cpp; path = test2.cpp; sourceTree = "<group>"; };
		3B1FC78D205C8922005C0168 /* text.txt */ = {isa = PBXFileReference; fileEncoding = 4; lastKnownFileType = text; path = text.txt; sourceTree = "<group>"; };
		3B1FC792205CB27D005C0168 /* p0_temp1.txt */ = {isa = PBXFileReference; fileEncoding = 4; lastKnownFileType = text; path = p0_temp1.txt; sourceTree = "<group>"; };
		3B1FC793205CB27D005C0168 /* p0sorted.txt */ = {isa = PBXFileReference; fileEncoding = 4; lastKnownFileType = text; path = p0sorted.txt; sourceTree = "<group>"; };
		3B1FC794205CB27D005C0168 /* temp1.txt */ = {isa = PBXFileReference; fileEncoding = 4; lastKnownFileType = text; path = temp1.txt; sourceTree = "<group>"; };
		3B1FC795205CB727005C0168 /* temp2.txt */ = {isa = PBXFileReference; fileEncoding = 4; lastKnownFileType = text; path = temp2.txt; sourceTree = "<group>"; };
		3B1FC796205CC5D9005C0168 /* external.txt */ = {isa = PBXFileReference; fileEncoding = 4; lastKnownFileType = text; path = external.txt; sourceTree = "<group>"; };
		3B36B9EC205B7CA10049CD06 /* 174b */ = {isa = PBXFileReference; explicitFileType = "compiled.mach-o.executable"; includeInIndex = 0; path = 174b; sourceTree = BUILT_PRODUCTS_DIR; };
		3B36B9F6205B7CBB0049CD06 /* bpt.cc */ = {isa = PBXFileReference; fileEncoding = 4; lastKnownFileType = sourcecode.cpp.cpp; path = bpt.cc; sourceTree = "<group>"; };
		3B36B9F8205B7CE80049CD06 /* bpt.h */ = {isa = PBXFileReference; fileEncoding = 4; lastKnownFileType = sourcecode.c.h; path = bpt.h; sourceTree = "<group>"; };
		3B36B9FA205B7CE80049CD06 /* command_checker.h */ = {isa = PBXFileReference; fileEncoding = 4; lastKnownFileType = sourcecode.c.h; path = command_checker.h; sourceTree = "<group>"; };
		3B36B9FC205B7CE80049CD06 /* database.h */ = {isa = PBXFileReference; fileEncoding = 4; lastKnownFileType = sourcecode.c.h; path = database.h; sourceTree = "<group>"; };
		3B36B9FD205B7CE80049CD06 /* external_sorter.h */ = {isa = PBXFileReference; fileEncoding = 4; lastKnownFileType = sourcecode.c.h; path = external_sorter.h; sourceTree = "<group>"; };
		3B36B9FF205B7CE80049CD06 /* index_reader.h */ = {isa = PBXFileReference; fileEncoding = 4; lastKnownFileType = sourcecode.c.h; path = index_reader.h; sourceTree = "<group>"; };
		3B36BA00205B7CE80049CD06 /* log.h */ = {isa = PBXFileReference; fileEncoding = 4; lastKnownFileType = sourcecode.c.h; path = log.h; sourceTree = "<group>"; };
		3B36BA03205B7CE80049CD06 /* main.cpp */ = {isa = PBXFileReference; fileEncoding = 4; lastKnownFileType = sourcecode.cpp.cpp; path = main.cpp; sourceTree = "<group>"; };
		3B36BA05205B7CE80049CD06 /* Makefile */ = {isa = PBXFileReference; fileEncoding = 4; lastKnownFileType = sourcecode.make; path = Makefile; sourceTree = "<group>"; };
		3B36BA07205B7CE80049CD06 /* origin_reader.h */ = {isa = PBXFileReference; fileEncoding = 4; lastKnownFileType = sourcecode.c.h; path = origin_reader.h; sourceTree = "<group>"; };
		3B36BA09205B7CE80049CD06 /* predefined.h */ = {isa = PBXFileReference; fileEncoding = 4; lastKnownFileType = sourcecode.c.h; path = predefined.h; sourceTree = "<group>"; };
		3B36BA0B205B7CE80049CD06 /* sorter.h */ = {isa = PBXFileReference; fileEncoding = 4; lastKnownFileType = sourcecode.c.h; path = sorter.h; sourceTree = "<group>"; };
		3B36BA0F205B7CE80049CD06 /* tester.cpp */ = {isa = PBXFileReference; fileEncoding = 4; lastKnownFileType = sourcecode.cpp.cpp; path = tester.cpp; sourceTree = "<group>"; };
		3B36BA11205B7CE80049CD06 /* writer.h */ = {isa = PBXFileReference; fileEncoding = 4; lastKnownFileType = sourcecode.c.h; path = writer.h; sourceTree = "<group>"; };
/* End PBXFileReference section */

/* Begin PBXFrameworksBuildPhase section */
		3B36B9E9205B7CA10049CD06 /* Frameworks */ = {
			isa = PBXFrameworksBuildPhase;
			buildActionMask = 2147483647;
			files = (
			);
			runOnlyForDeploymentPostprocessing = 0;
		};
/* End PBXFrameworksBuildPhase section */

/* Begin PBXGroup section */
		3B36B9E3205B7CA10049CD06 = {
			isa = PBXGroup;
			children = (
				3B36B9EE205B7CA10049CD06 /* 174b */,
				3B36B9ED205B7CA10049CD06 /* Products */,
			);
			sourceTree = "<group>";
		};
		3B36B9ED205B7CA10049CD06 /* Products */ = {
			isa = PBXGroup;
			children = (
				3B36B9EC205B7CA10049CD06 /* 174b */,
			);
			name = Products;
			sourceTree = "<group>";
		};
		3B36B9EE205B7CA10049CD06 /* 174b */ = {
			isa = PBXGroup;
			children = (
				3B36B9F8205B7CE80049CD06 /* bpt.h */,
				3B36B9FA205B7CE80049CD06 /* command_checker.h */,
				3B36B9FC205B7CE80049CD06 /* database.h */,
				3B36B9FD205B7CE80049CD06 /* external_sorter.h */,
				3B1FC786205BA796005C0168 /* test2.cpp */,
				3B36B9FF205B7CE80049CD06 /* index_reader.h */,
				3B36BA00205B7CE80049CD06 /* log.h */,
				3B1FC792205CB27D005C0168 /* p0_temp1.txt */,
				3B1FC793205CB27D005C0168 /* p0sorted.txt */,
				3B1FC796205CC5D9005C0168 /* external.txt */,
				3B1FC794205CB27D005C0168 /* temp1.txt */,
				3B1FC78D205C8922005C0168 /* text.txt */,
				3B36BA03205B7CE80049CD06 /* main.cpp */,
				3B1FC795205CB727005C0168 /* temp2.txt */,
				3B36BA05205B7CE80049CD06 /* Makefile */,
				3B36BA07205B7CE80049CD06 /* origin_reader.h */,
				3B36BA09205B7CE80049CD06 /* predefined.h */,
				3B36BA0B205B7CE80049CD06 /* sorter.h */,
				3B36BA0F205B7CE80049CD06 /* tester.cpp */,
				3B36BA11205B7CE80049CD06 /* writer.h */,
				3B36B9F6205B7CBB0049CD06 /* bpt.cc */,
			);
			path = 174b;
			sourceTree = "<group>";
		};
/* End PBXGroup section */

/* Begin PBXNativeTarget section */
		3B36B9EB205B7CA10049CD06 /* 174b */ = {
			isa = PBXNativeTarget;
			buildConfigurationList = 3B36B9F3205B7CA10049CD06 /* Build configuration list for PBXNativeTarget "174b" */;
			buildPhases = (
				3B36B9E8205B7CA10049CD06 /* Sources */,
				3B36B9E9205B7CA10049CD06 /* Frameworks */,
				3B36B9EA205B7CA10049CD06 /* CopyFiles */,
			);
			buildRules = (
			);
			dependencies = (
			);
			name = 174b;
			productName = 174b;
			productReference = 3B36B9EC205B7CA10049CD06 /* 174b */;
			productType = "com.apple.product-type.tool";
		};
/* End PBXNativeTarget section */

/* Begin PBXProject section */
		3B36B9E4205B7CA10049CD06 /* Project object */ = {
			isa = PBXProject;
			attributes = {
				LastUpgradeCheck = 0830;
				ORGANIZATIONNAME = "Xiaofeng Xu";
				TargetAttributes = {
					3B36B9EB205B7CA10049CD06 = {
						CreatedOnToolsVersion = 8.3.3;
						ProvisioningStyle = Automatic;
					};
				};
			};
			buildConfigurationList = 3B36B9E7205B7CA10049CD06 /* Build configuration list for PBXProject "174b" */;
			compatibilityVersion = "Xcode 3.2";
			developmentRegion = English;
			hasScannedForEncodings = 0;
			knownRegions = (
				en,
			);
			mainGroup = 3B36B9E3205B7CA10049CD06;
			productRefGroup = 3B36B9ED205B7CA10049CD06 /* Products */;
			projectDirPath = "";
			projectRoot = "";
			targets = (
				3B36B9EB205B7CA10049CD06 /* 174b */,
			);
		};
/* End PBXProject section */

/* Begin PBXSourcesBuildPhase section */
		3B36B9E8205B7CA10049CD06 /* Sources */ = {
			isa = PBXSourcesBuildPhase;
			buildActionMask = 2147483647;
			files = (
				3B36BA16205B7CE80049CD06 /* Makefile in Sources */,
				3B36BA14205B7CE80049CD06 /* main.cpp in Sources */,
				3B36BA17205B7CE80049CD06 /* tester.cpp in Sources */,
				3B36B9F7205B7CBB0049CD06 /* bpt.cc in Sources */,
				3B1FC787205BA796005C0168 /* test2.cpp in Sources */,
			);
			runOnlyForDeploymentPostprocessing = 0;
		};
/* End PBXSourcesBuildPhase section */

/* Begin XCBuildConfiguration section */
		3B36B9F1205B7CA10049CD06 /* Debug */ = {
			isa = XCBuildConfiguration;
			buildSettings = {
				ALWAYS_SEARCH_USER_PATHS = NO;
				CLANG_ANALYZER_NONNULL = YES;
				CLANG_ANALYZER_NUMBER_OBJECT_CONVERSION = YES_AGGRESSIVE;
				CLANG_CXX_LANGUAGE_STANDARD = "gnu++0x";
				CLANG_CXX_LIBRARY = "libc++";
				CLANG_ENABLE_MODULES = YES;
				CLANG_ENABLE_OBJC_ARC = YES;
				CLANG_WARN_BOOL_CONVERSION = YES;
				CLANG_WARN_CONSTANT_CONVERSION = YES;
				CLANG_WARN_DIRECT_OBJC_ISA_USAGE = YES_ERROR;
				CLANG_WARN_DOCUMENTATION_COMMENTS = YES;
				CLANG_WARN_EMPTY_BODY = YES;
				CLANG_WARN_ENUM_CONVERSION = YES;
				CLANG_WARN_INFINITE_RECURSION = YES;
				CLANG_WARN_INT_CONVERSION = YES;
				CLANG_WARN_OBJC_ROOT_CLASS = YES_ERROR;
				CLANG_WARN_SUSPICIOUS_MOVE = YES;
				CLANG_WARN_UNREACHABLE_CODE = YES;
				CLANG_WARN__DUPLICATE_METHOD_MATCH = YES;
				CODE_SIGN_IDENTITY = "-";
				COPY_PHASE_STRIP = NO;
				DEBUG_INFORMATION_FORMAT = dwarf;
				ENABLE_STRICT_OBJC_MSGSEND = YES;
				ENABLE_TESTABILITY = YES;
				GCC_C_LANGUAGE_STANDARD = gnu99;
				GCC_DYNAMIC_NO_PIC = NO;
				GCC_NO_COMMON_BLOCKS = YES;
				GCC_OPTIMIZATION_LEVEL = 0;
				GCC_PREPROCESSOR_DEFINITIONS = (
					"DEBUG=1",
					"$(inherited)",
				);
				GCC_WARN_64_TO_32_BIT_CONVERSION = YES;
				GCC_WARN_ABOUT_RETURN_TYPE = YES_ERROR;
				GCC_WARN_UNDECLARED_SELECTOR = YES;
				GCC_WARN_UNINITIALIZED_AUTOS = YES_AGGRESSIVE;
				GCC_WARN_UNUSED_FUNCTION = YES;
				GCC_WARN_UNUSED_VARIABLE = YES;
				MACOSX_DEPLOYMENT_TARGET = 10.12;
				MTL_ENABLE_DEBUG_INFO = YES;
				ONLY_ACTIVE_ARCH = YES;
				SDKROOT = macosx;
			};
			name = Debug;
		};
		3B36B9F2205B7CA10049CD06 /* Release */ = {
			isa = XCBuildConfiguration;
			buildSettings = {
				ALWAYS_SEARCH_USER_PATHS = NO;
				CLANG_ANALYZER_NONNULL = YES;
				CLANG_ANALYZER_NUMBER_OBJECT_CONVERSION = YES_AGGRESSIVE;
				CLANG_CXX_LANGUAGE_STANDARD = "gnu++0x";
				CLANG_CXX_LIBRARY = "libc++";
				CLANG_ENABLE_MODULES = YES;
				CLANG_ENABLE_OBJC_ARC = YES;
				CLANG_WARN_BOOL_CONVERSION = YES;
				CLANG_WARN_CONSTANT_CONVERSION = YES;
				CLANG_WARN_DIRECT_OBJC_ISA_USAGE = YES_ERROR;
				CLANG_WARN_DOCUMENTATION_COMMENTS = YES;
				CLANG_WARN_EMPTY_BODY = YES;
				CLANG_WARN_ENUM_CONVERSION = YES;
				CLANG_WARN_INFINITE_RECURSION = YES;
				CLANG_WARN_INT_CONVERSION = YES;
				CLANG_WARN_OBJC_ROOT_CLASS = YES_ERROR;
				CLANG_WARN_SUSPICIOUS_MOVE = YES;
				CLANG_WARN_UNREACHABLE_CODE = YES;
				CLANG_WARN__DUPLICATE_METHOD_MATCH = YES;
				CODE_SIGN_IDENTITY = "-";
				COPY_PHASE_STRIP = NO;
				DEBUG_INFORMATION_FORMAT = "dwarf-with-dsym";
				ENABLE_NS_ASSERTIONS = NO;
				ENABLE_STRICT_OBJC_MSGSEND = YES;
				GCC_C_LANGUAGE_STANDARD = gnu99;
				GCC_NO_COMMON_BLOCKS = YES;
				GCC_WARN_64_TO_32_BIT_CONVERSION = YES;
				GCC_WARN_ABOUT_RETURN_TYPE = YES_ERROR;
				GCC_WARN_UNDECLARED_SELECTOR = YES;
				GCC_WARN_UNINITIALIZED_AUTOS = YES_AGGRESSIVE;
				GCC_WARN_UNUSED_FUNCTION = YES;
				GCC_WARN_UNUSED_VARIABLE = YES;
				MACOSX_DEPLOYMENT_TARGET = 10.12;
				MTL_ENABLE_DEBUG_INFO = NO;
				SDKROOT = macosx;
			};
			name = Release;
		};
		3B36B9F4205B7CA10049CD06 /* Debug */ = {
			isa = XCBuildConfiguration;
			buildSettings = {
				PRODUCT_NAME = "$(TARGET_NAME)";
			};
			name = Debug;
		};
		3B36B9F5205B7CA10049CD06 /* Release */ = {
			isa = XCBuildConfiguration;
			buildSettings = {
				PRODUCT_NAME = "$(TARGET_NAME)";
			};
			name = Release;
		};
/* End XCBuildConfiguration section */

/* Begin XCConfigurationList section */
		3B36B9E7205B7CA10049CD06 /* Build configuration list for PBXProject "174b" */ = {
			isa = XCConfigurationList;
			buildConfigurations = (
				3B36B9F1205B7CA10049CD06 /* Debug */,
				3B36B9F2205B7CA10049CD06 /* Release */,
			);
			defaultConfigurationIsVisible = 0;
			defaultConfigurationName = Release;
		};
		3B36B9F3205B7CA10049CD06 /* Build configuration list for PBXNativeTarget "174b" */ = {
			isa = XCConfigurationList;
			buildConfigurations = (
				3B36B9F4205B7CA10049CD06 /* Debug */,
				3B36B9F5205B7CA10049CD06 /* Release */,
			);
			defaultConfigurationIsVisible = 0;
			defaultConfigurationName = Release;
		};
/* End XCConfigurationList section */
	};
	rootObject = 3B36B9E4205B7CA10049CD06 /* Project object */;
}
