// !$*UTF8*$!
{
	archiveVersion = 1;
	classes = {
	};
	objectVersion = 46;
	objects = {

/* Begin PBXBuildFile section */
		3B53F40F2058EBAC00BE27AB /* bpt.cc in Sources */ = {isa = PBXBuildFile; fileRef = 3B53F3FD2058EBAC00BE27AB /* bpt.cc */; };
		3B53F4102058EBAC00BE27AB /* converter.cpp in Sources */ = {isa = PBXBuildFile; fileRef = 3B53F4012058EBAC00BE27AB /* converter.cpp */; };
		3B53F4112058EBAC00BE27AB /* database.cpp in Sources */ = {isa = PBXBuildFile; fileRef = 3B53F4032058EBAC00BE27AB /* database.cpp */; };
		3B53F4122058EBAC00BE27AB /* main.cpp in Sources */ = {isa = PBXBuildFile; fileRef = 3B53F4062058EBAC00BE27AB /* main.cpp */; };
		3B53F4132058EBAC00BE27AB /* Makefile in Sources */ = {isa = PBXBuildFile; fileRef = 3B53F4072058EBAC00BE27AB /* Makefile */; };
		3B53F4142058EBAC00BE27AB /* page.cpp in Sources */ = {isa = PBXBuildFile; fileRef = 3B53F4092058EBAC00BE27AB /* page.cpp */; };
		3B53F4152058EBAC00BE27AB /* tester.cpp in Sources */ = {isa = PBXBuildFile; fileRef = 3B53F40D2058EBAC00BE27AB /* tester.cpp */; };
/* End PBXBuildFile section */

/* Begin PBXCopyFilesBuildPhase section */
		3B53F3F12058EB9800BE27AB /* CopyFiles */ = {
			isa = PBXCopyFilesBuildPhase;
			buildActionMask = 2147483647;
			dstPath = /usr/share/man/man1/;
			dstSubfolderSpec = 0;
			files = (
			);
			runOnlyForDeploymentPostprocessing = 1;
		};
/* End PBXCopyFilesBuildPhase section */

/* Begin PBXFileReference section */
		3B53F3F32058EB9800BE27AB /* 174b */ = {isa = PBXFileReference; explicitFileType = "compiled.mach-o.executable"; includeInIndex = 0; path = 174b; sourceTree = BUILT_PRODUCTS_DIR; };
		3B53F3FD2058EBAC00BE27AB /* bpt.cc */ = {isa = PBXFileReference; fileEncoding = 4; lastKnownFileType = sourcecode.cpp.cpp; path = bpt.cc; sourceTree = "<group>"; };
		3B53F3FE2058EBAC00BE27AB /* bpt.h */ = {isa = PBXFileReference; fileEncoding = 4; lastKnownFileType = sourcecode.c.h; path = bpt.h; sourceTree = "<group>"; };
		3B53F3FF2058EBAC00BE27AB /* command_checker.h */ = {isa = PBXFileReference; fileEncoding = 4; lastKnownFileType = sourcecode.c.h; path = command_checker.h; sourceTree = "<group>"; };
		3B53F4002058EBAC00BE27AB /* console.h */ = {isa = PBXFileReference; fileEncoding = 4; lastKnownFileType = sourcecode.c.h; path = console.h; sourceTree = "<group>"; };
		3B53F4012058EBAC00BE27AB /* converter.cpp */ = {isa = PBXFileReference; fileEncoding = 4; lastKnownFileType = sourcecode.cpp.cpp; path = converter.cpp; sourceTree = "<group>"; };
		3B53F4022058EBAC00BE27AB /* converter.h */ = {isa = PBXFileReference; fileEncoding = 4; lastKnownFileType = sourcecode.c.h; path = converter.h; sourceTree = "<group>"; };
		3B53F4032058EBAC00BE27AB /* database.cpp */ = {isa = PBXFileReference; fileEncoding = 4; lastKnownFileType = sourcecode.cpp.cpp; path = database.cpp; sourceTree = "<group>"; };
		3B53F4042058EBAC00BE27AB /* database.h */ = {isa = PBXFileReference; fileEncoding = 4; lastKnownFileType = sourcecode.c.h; path = database.h; sourceTree = "<group>"; };
		3B53F4052058EBAC00BE27AB /* index_reader.h */ = {isa = PBXFileReference; fileEncoding = 4; lastKnownFileType = sourcecode.c.h; path = index_reader.h; sourceTree = "<group>"; };
		3B53F4062058EBAC00BE27AB /* main.cpp */ = {isa = PBXFileReference; fileEncoding = 4; lastKnownFileType = sourcecode.cpp.cpp; path = main.cpp; sourceTree = "<group>"; };
		3B53F4072058EBAC00BE27AB /* Makefile */ = {isa = PBXFileReference; fileEncoding = 4; lastKnownFileType = sourcecode.make; path = Makefile; sourceTree = "<group>"; };
		3B53F4082058EBAC00BE27AB /* origin_reader.h */ = {isa = PBXFileReference; fileEncoding = 4; lastKnownFileType = sourcecode.c.h; path = origin_reader.h; sourceTree = "<group>"; };
		3B53F4092058EBAC00BE27AB /* page.cpp */ = {isa = PBXFileReference; fileEncoding = 4; lastKnownFileType = sourcecode.cpp.cpp; path = page.cpp; sourceTree = "<group>"; };
		3B53F40A2058EBAC00BE27AB /* page.h */ = {isa = PBXFileReference; fileEncoding = 4; lastKnownFileType = sourcecode.c.h; path = page.h; sourceTree = "<group>"; };
		3B53F40B2058EBAC00BE27AB /* predefined.h */ = {isa = PBXFileReference; fileEncoding = 4; lastKnownFileType = sourcecode.c.h; path = predefined.h; sourceTree = "<group>"; };
		3B53F40C2058EBAC00BE27AB /* sorter.h */ = {isa = PBXFileReference; fileEncoding = 4; lastKnownFileType = sourcecode.c.h; path = sorter.h; sourceTree = "<group>"; };
		3B53F40D2058EBAC00BE27AB /* tester.cpp */ = {isa = PBXFileReference; fileEncoding = 4; lastKnownFileType = sourcecode.cpp.cpp; path = tester.cpp; sourceTree = "<group>"; };
		3B53F40E2058EBAC00BE27AB /* writer.h */ = {isa = PBXFileReference; fileEncoding = 4; lastKnownFileType = sourcecode.c.h; path = writer.h; sourceTree = "<group>"; };
/* End PBXFileReference section */

/* Begin PBXFrameworksBuildPhase section */
		3B53F3F02058EB9800BE27AB /* Frameworks */ = {
			isa = PBXFrameworksBuildPhase;
			buildActionMask = 2147483647;
			files = (
			);
			runOnlyForDeploymentPostprocessing = 0;
		};
/* End PBXFrameworksBuildPhase section */

/* Begin PBXGroup section */
		3B53F3EA2058EB9700BE27AB = {
			isa = PBXGroup;
			children = (
				3B53F3F52058EB9800BE27AB /* 174b */,
				3B53F3F42058EB9800BE27AB /* Products */,
			);
			sourceTree = "<group>";
		};
		3B53F3F42058EB9800BE27AB /* Products */ = {
			isa = PBXGroup;
			children = (
				3B53F3F32058EB9800BE27AB /* 174b */,
			);
			name = Products;
			sourceTree = "<group>";
		};
		3B53F3F52058EB9800BE27AB /* 174b */ = {
			isa = PBXGroup;
			children = (
				3B53F3FD2058EBAC00BE27AB /* bpt.cc */,
				3B53F3FE2058EBAC00BE27AB /* bpt.h */,
				3B53F3FF2058EBAC00BE27AB /* command_checker.h */,
				3B53F4002058EBAC00BE27AB /* console.h */,
				3B53F4012058EBAC00BE27AB /* converter.cpp */,
				3B53F4022058EBAC00BE27AB /* converter.h */,
				3B53F4032058EBAC00BE27AB /* database.cpp */,
				3B53F4042058EBAC00BE27AB /* database.h */,
				3B53F4052058EBAC00BE27AB /* index_reader.h */,
				3B53F4062058EBAC00BE27AB /* main.cpp */,
				3B53F4072058EBAC00BE27AB /* Makefile */,
				3B53F4082058EBAC00BE27AB /* origin_reader.h */,
				3B53F4092058EBAC00BE27AB /* page.cpp */,
				3B53F40A2058EBAC00BE27AB /* page.h */,
				3B53F40B2058EBAC00BE27AB /* predefined.h */,
				3B53F40C2058EBAC00BE27AB /* sorter.h */,
				3B53F40D2058EBAC00BE27AB /* tester.cpp */,
				3B53F40E2058EBAC00BE27AB /* writer.h */,
			);
			path = 174b;
			sourceTree = "<group>";
		};
/* End PBXGroup section */

/* Begin PBXNativeTarget section */
		3B53F3F22058EB9800BE27AB /* 174b */ = {
			isa = PBXNativeTarget;
			buildConfigurationList = 3B53F3FA2058EB9800BE27AB /* Build configuration list for PBXNativeTarget "174b" */;
			buildPhases = (
				3B53F3EF2058EB9800BE27AB /* Sources */,
				3B53F3F02058EB9800BE27AB /* Frameworks */,
				3B53F3F12058EB9800BE27AB /* CopyFiles */,
			);
			buildRules = (
			);
			dependencies = (
			);
			name = 174b;
			productName = 174b;
			productReference = 3B53F3F32058EB9800BE27AB /* 174b */;
			productType = "com.apple.product-type.tool";
		};
/* End PBXNativeTarget section */

/* Begin PBXProject section */
		3B53F3EB2058EB9700BE27AB /* Project object */ = {
			isa = PBXProject;
			attributes = {
				LastUpgradeCheck = 0830;
				ORGANIZATIONNAME = "Xiaofeng Xu";
				TargetAttributes = {
					3B53F3F22058EB9800BE27AB = {
						CreatedOnToolsVersion = 8.3.3;
						ProvisioningStyle = Automatic;
					};
				};
			};
			buildConfigurationList = 3B53F3EE2058EB9700BE27AB /* Build configuration list for PBXProject "174b" */;
			compatibilityVersion = "Xcode 3.2";
			developmentRegion = English;
			hasScannedForEncodings = 0;
			knownRegions = (
				en,
			);
			mainGroup = 3B53F3EA2058EB9700BE27AB;
			productRefGroup = 3B53F3F42058EB9800BE27AB /* Products */;
			projectDirPath = "";
			projectRoot = "";
			targets = (
				3B53F3F22058EB9800BE27AB /* 174b */,
			);
		};
/* End PBXProject section */

/* Begin PBXSourcesBuildPhase section */
		3B53F3EF2058EB9800BE27AB /* Sources */ = {
			isa = PBXSourcesBuildPhase;
			buildActionMask = 2147483647;
			files = (
				3B53F4132058EBAC00BE27AB /* Makefile in Sources */,
				3B53F4102058EBAC00BE27AB /* converter.cpp in Sources */,
				3B53F4142058EBAC00BE27AB /* page.cpp in Sources */,
				3B53F4152058EBAC00BE27AB /* tester.cpp in Sources */,
				3B53F40F2058EBAC00BE27AB /* bpt.cc in Sources */,
				3B53F4122058EBAC00BE27AB /* main.cpp in Sources */,
				3B53F4112058EBAC00BE27AB /* database.cpp in Sources */,
			);
			runOnlyForDeploymentPostprocessing = 0;
		};
/* End PBXSourcesBuildPhase section */

/* Begin XCBuildConfiguration section */
		3B53F3F82058EB9800BE27AB /* Debug */ = {
			isa = XCBuildConfiguration;
			buildSettings = {
				ALWAYS_SEARCH_USER_PATHS = NO;
				CLANG_ANALYZER_NONNULL = YES;
				CLANG_ANALYZER_NUMBER_OBJECT_CONVERSION = YES_AGGRESSIVE;
				CLANG_CXX_LANGUAGE_STANDARD = "gnu++0x";
				CLANG_CXX_LIBRARY = "libc++";
				CLANG_ENABLE_MODULES = YES;
				CLANG_ENABLE_OBJC_ARC = YES;
				CLANG_WARN_BOOL_CONVERSION = YES;
				CLANG_WARN_CONSTANT_CONVERSION = YES;
				CLANG_WARN_DIRECT_OBJC_ISA_USAGE = YES_ERROR;
				CLANG_WARN_DOCUMENTATION_COMMENTS = YES;
				CLANG_WARN_EMPTY_BODY = YES;
				CLANG_WARN_ENUM_CONVERSION = YES;
				CLANG_WARN_INFINITE_RECURSION = YES;
				CLANG_WARN_INT_CONVERSION = YES;
				CLANG_WARN_OBJC_ROOT_CLASS = YES_ERROR;
				CLANG_WARN_SUSPICIOUS_MOVE = YES;
				CLANG_WARN_UNREACHABLE_CODE = YES;
				CLANG_WARN__DUPLICATE_METHOD_MATCH = YES;
				CODE_SIGN_IDENTITY = "-";
				COPY_PHASE_STRIP = NO;
				DEBUG_INFORMATION_FORMAT = dwarf;
				ENABLE_STRICT_OBJC_MSGSEND = YES;
				ENABLE_TESTABILITY = YES;
				GCC_C_LANGUAGE_STANDARD = gnu99;
				GCC_DYNAMIC_NO_PIC = NO;
				GCC_NO_COMMON_BLOCKS = YES;
				GCC_OPTIMIZATION_LEVEL = 0;
				GCC_PREPROCESSOR_DEFINITIONS = (
					"DEBUG=1",
					"$(inherited)",
				);
				GCC_WARN_64_TO_32_BIT_CONVERSION = YES;
				GCC_WARN_ABOUT_RETURN_TYPE = YES_ERROR;
				GCC_WARN_UNDECLARED_SELECTOR = YES;
				GCC_WARN_UNINITIALIZED_AUTOS = YES_AGGRESSIVE;
				GCC_WARN_UNUSED_FUNCTION = YES;
				GCC_WARN_UNUSED_VARIABLE = YES;
				MACOSX_DEPLOYMENT_TARGET = 10.12;
				MTL_ENABLE_DEBUG_INFO = YES;
				ONLY_ACTIVE_ARCH = YES;
				SDKROOT = macosx;
			};
			name = Debug;
		};
		3B53F3F92058EB9800BE27AB /* Release */ = {
			isa = XCBuildConfiguration;
			buildSettings = {
				ALWAYS_SEARCH_USER_PATHS = NO;
				CLANG_ANALYZER_NONNULL = YES;
				CLANG_ANALYZER_NUMBER_OBJECT_CONVERSION = YES_AGGRESSIVE;
				CLANG_CXX_LANGUAGE_STANDARD = "gnu++0x";
				CLANG_CXX_LIBRARY = "libc++";
				CLANG_ENABLE_MODULES = YES;
				CLANG_ENABLE_OBJC_ARC = YES;
				CLANG_WARN_BOOL_CONVERSION = YES;
				CLANG_WARN_CONSTANT_CONVERSION = YES;
				CLANG_WARN_DIRECT_OBJC_ISA_USAGE = YES_ERROR;
				CLANG_WARN_DOCUMENTATION_COMMENTS = YES;
				CLANG_WARN_EMPTY_BODY = YES;
				CLANG_WARN_ENUM_CONVERSION = YES;
				CLANG_WARN_INFINITE_RECURSION = YES;
				CLANG_WARN_INT_CONVERSION = YES;
				CLANG_WARN_OBJC_ROOT_CLASS = YES_ERROR;
				CLANG_WARN_SUSPICIOUS_MOVE = YES;
				CLANG_WARN_UNREACHABLE_CODE = YES;
				CLANG_WARN__DUPLICATE_METHOD_MATCH = YES;
				CODE_SIGN_IDENTITY = "-";
				COPY_PHASE_STRIP = NO;
				DEBUG_INFORMATION_FORMAT = "dwarf-with-dsym";
				ENABLE_NS_ASSERTIONS = NO;
				ENABLE_STRICT_OBJC_MSGSEND = YES;
				GCC_C_LANGUAGE_STANDARD = gnu99;
				GCC_NO_COMMON_BLOCKS = YES;
				GCC_WARN_64_TO_32_BIT_CONVERSION = YES;
				GCC_WARN_ABOUT_RETURN_TYPE = YES_ERROR;
				GCC_WARN_UNDECLARED_SELECTOR = YES;
				GCC_WARN_UNINITIALIZED_AUTOS = YES_AGGRESSIVE;
				GCC_WARN_UNUSED_FUNCTION = YES;
				GCC_WARN_UNUSED_VARIABLE = YES;
				MACOSX_DEPLOYMENT_TARGET = 10.12;
				MTL_ENABLE_DEBUG_INFO = NO;
				SDKROOT = macosx;
			};
			name = Release;
		};
		3B53F3FB2058EB9800BE27AB /* Debug */ = {
			isa = XCBuildConfiguration;
			buildSettings = {
				PRODUCT_NAME = "$(TARGET_NAME)";
			};
			name = Debug;
		};
		3B53F3FC2058EB9800BE27AB /* Release */ = {
			isa = XCBuildConfiguration;
			buildSettings = {
				PRODUCT_NAME = "$(TARGET_NAME)";
			};
			name = Release;
		};
/* End XCBuildConfiguration section */

/* Begin XCConfigurationList section */
		3B53F3EE2058EB9700BE27AB /* Build configuration list for PBXProject "174b" */ = {
			isa = XCConfigurationList;
			buildConfigurations = (
				3B53F3F82058EB9800BE27AB /* Debug */,
				3B53F3F92058EB9800BE27AB /* Release */,
			);
			defaultConfigurationIsVisible = 0;
			defaultConfigurationName = Release;
		};
		3B53F3FA2058EB9800BE27AB /* Build configuration list for PBXNativeTarget "174b" */ = {
			isa = XCConfigurationList;
			buildConfigurations = (
				3B53F3FB2058EB9800BE27AB /* Debug */,
				3B53F3FC2058EB9800BE27AB /* Release */,
			);
			defaultConfigurationIsVisible = 0;
		};
/* End XCConfigurationList section */
	};
	rootObject = 3B53F3EB2058EB9700BE27AB /* Project object */;
}
