// !$*UTF8*$!
{
	archiveVersion = 1;
	classes = {
	};
	objectVersion = 46;
	objects = {

/* Begin PBXBuildFile section */
		3B1760E92042053B002B4A9C /* bptree.cpp in Sources */ = {isa = PBXBuildFile; fileRef = 3B1760DF2042053B002B4A9C /* bptree.cpp */; };
		3B1760EA2042053B002B4A9C /* console.cpp in Sources */ = {isa = PBXBuildFile; fileRef = 3B1760E12042053B002B4A9C /* console.cpp */; };
		3B1760EB2042053B002B4A9C /* database.cpp in Sources */ = {isa = PBXBuildFile; fileRef = 3B1760E32042053B002B4A9C /* database.cpp */; };
		3B1760EC2042053B002B4A9C /* Makefile in Sources */ = {isa = PBXBuildFile; fileRef = 3B1760E52042053B002B4A9C /* Makefile */; };
		3B1760ED2042053B002B4A9C /* page.cpp in Sources */ = {isa = PBXBuildFile; fileRef = 3B1760E62042053B002B4A9C /* page.cpp */; };
		3B1760EF204205AE002B4A9C /* main.cpp in Sources */ = {isa = PBXBuildFile; fileRef = 3B1760EE204205AE002B4A9C /* main.cpp */; };
		3B1760F52042122A002B4A9C /* writer.cpp in Sources */ = {isa = PBXBuildFile; fileRef = 3B1760F32042122A002B4A9C /* writer.cpp */; };
		3B1760F82042129E002B4A9C /* sorter.cpp in Sources */ = {isa = PBXBuildFile; fileRef = 3B1760F72042129E002B4A9C /* sorter.cpp */; };
		3B1760FB204212E1002B4A9C /* origin_reader.cpp in Sources */ = {isa = PBXBuildFile; fileRef = 3B1760F9204212E1002B4A9C /* origin_reader.cpp */; };
		3B1760FE2042138E002B4A9C /* index_reader.cpp in Sources */ = {isa = PBXBuildFile; fileRef = 3B1760FC2042138E002B4A9C /* index_reader.cpp */; };
		3B17610120421915002B4A9C /* converter.cpp in Sources */ = {isa = PBXBuildFile; fileRef = 3B1760FF20421915002B4A9C /* converter.cpp */; };
		3B17610320447E36002B4A9C /* tester.cpp in Sources */ = {isa = PBXBuildFile; fileRef = 3B17610220447E36002B4A9C /* tester.cpp */; };
/* End PBXBuildFile section */

/* Begin PBXCopyFilesBuildPhase section */
		3B1760C1204203CB002B4A9C /* CopyFiles */ = {
			isa = PBXCopyFilesBuildPhase;
			buildActionMask = 2147483647;
			dstPath = /usr/share/man/man1/;
			dstSubfolderSpec = 0;
			files = (
			);
			runOnlyForDeploymentPostprocessing = 1;
		};
/* End PBXCopyFilesBuildPhase section */

/* Begin PBXFileReference section */
		3B0C7DD62044993200280231 /* pairs.txt */ = {isa = PBXFileReference; fileEncoding = 4; lastKnownFileType = text; path = pairs.txt; sourceTree = "<group>"; };
		3B1760C3204203CB002B4A9C /* 174b */ = {isa = PBXFileReference; explicitFileType = "compiled.mach-o.executable"; includeInIndex = 0; path = 174b; sourceTree = BUILT_PRODUCTS_DIR; };
		3B1760DF2042053B002B4A9C /* bptree.cpp */ = {isa = PBXFileReference; fileEncoding = 4; lastKnownFileType = sourcecode.cpp.cpp; path = bptree.cpp; sourceTree = "<group>"; };
		3B1760E02042053B002B4A9C /* bptree.h */ = {isa = PBXFileReference; fileEncoding = 4; lastKnownFileType = sourcecode.c.h; path = bptree.h; sourceTree = "<group>"; };
		3B1760E12042053B002B4A9C /* console.cpp */ = {isa = PBXFileReference; fileEncoding = 4; lastKnownFileType = sourcecode.cpp.cpp; path = console.cpp; sourceTree = "<group>"; };
		3B1760E22042053B002B4A9C /* console.h */ = {isa = PBXFileReference; fileEncoding = 4; lastKnownFileType = sourcecode.c.h; path = console.h; sourceTree = "<group>"; };
		3B1760E32042053B002B4A9C /* database.cpp */ = {isa = PBXFileReference; fileEncoding = 4; lastKnownFileType = sourcecode.cpp.cpp; path = database.cpp; sourceTree = "<group>"; };
		3B1760E42042053B002B4A9C /* database.h */ = {isa = PBXFileReference; fileEncoding = 4; lastKnownFileType = sourcecode.c.h; path = database.h; sourceTree = "<group>"; };
		3B1760E52042053B002B4A9C /* Makefile */ = {isa = PBXFileReference; fileEncoding = 4; lastKnownFileType = sourcecode.make; path = Makefile; sourceTree = "<group>"; };
		3B1760E62042053B002B4A9C /* page.cpp */ = {isa = PBXFileReference; fileEncoding = 4; lastKnownFileType = sourcecode.cpp.cpp; path = page.cpp; sourceTree = "<group>"; };
		3B1760E72042053B002B4A9C /* page.h */ = {isa = PBXFileReference; fileEncoding = 4; lastKnownFileType = sourcecode.c.h; path = page.h; sourceTree = "<group>"; };
		3B1760EE204205AE002B4A9C /* main.cpp */ = {isa = PBXFileReference; fileEncoding = 4; lastKnownFileType = sourcecode.cpp.cpp; path = main.cpp; sourceTree = "<group>"; };
		3B1760F020420741002B4A9C /* test.txt */ = {isa = PBXFileReference; fileEncoding = 4; lastKnownFileType = text; path = test.txt; sourceTree = "<group>"; };
		3B1760F12042095F002B4A9C /* command_checker.h */ = {isa = PBXFileReference; lastKnownFileType = sourcecode.c.h; path = command_checker.h; sourceTree = "<group>"; };
		3B1760F32042122A002B4A9C /* writer.cpp */ = {isa = PBXFileReference; fileEncoding = 4; lastKnownFileType = sourcecode.cpp.cpp; path = writer.cpp; sourceTree = "<group>"; };
		3B1760F42042122A002B4A9C /* writer.h */ = {isa = PBXFileReference; fileEncoding = 4; lastKnownFileType = sourcecode.c.h; path = writer.h; sourceTree = "<group>"; };
		3B1760F620421291002B4A9C /* sorter.h */ = {isa = PBXFileReference; lastKnownFileType = sourcecode.c.h; path = sorter.h; sourceTree = "<group>"; };
		3B1760F72042129E002B4A9C /* sorter.cpp */ = {isa = PBXFileReference; fileEncoding = 4; lastKnownFileType = sourcecode.cpp.cpp; path = sorter.cpp; sourceTree = "<group>"; };
		3B1760F9204212E1002B4A9C /* origin_reader.cpp */ = {isa = PBXFileReference; fileEncoding = 4; lastKnownFileType = sourcecode.cpp.cpp; path = origin_reader.cpp; sourceTree = "<group>"; };
		3B1760FA204212E1002B4A9C /* origin_reader.h */ = {isa = PBXFileReference; fileEncoding = 4; lastKnownFileType = sourcecode.c.h; path = origin_reader.h; sourceTree = "<group>"; };
		3B1760FC2042138E002B4A9C /* index_reader.cpp */ = {isa = PBXFileReference; fileEncoding = 4; lastKnownFileType = sourcecode.cpp.cpp; path = index_reader.cpp; sourceTree = "<group>"; };
		3B1760FD2042138E002B4A9C /* index_reader.h */ = {isa = PBXFileReference; fileEncoding = 4; lastKnownFileType = sourcecode.c.h; path = index_reader.h; sourceTree = "<group>"; };
		3B1760FF20421915002B4A9C /* converter.cpp */ = {isa = PBXFileReference; fileEncoding = 4; lastKnownFileType = sourcecode.cpp.cpp; path = converter.cpp; sourceTree = "<group>"; };
		3B17610020421915002B4A9C /* converter.h */ = {isa = PBXFileReference; fileEncoding = 4; lastKnownFileType = sourcecode.c.h; path = converter.h; sourceTree = "<group>"; };
		3B17610220447E36002B4A9C /* tester.cpp */ = {isa = PBXFileReference; fileEncoding = 4; lastKnownFileType = sourcecode.cpp.cpp; path = tester.cpp; sourceTree = "<group>"; };
/* End PBXFileReference section */

/* Begin PBXFrameworksBuildPhase section */
		3B1760C0204203CB002B4A9C /* Frameworks */ = {
			isa = PBXFrameworksBuildPhase;
			buildActionMask = 2147483647;
			files = (
			);
			runOnlyForDeploymentPostprocessing = 0;
		};
/* End PBXFrameworksBuildPhase section */

/* Begin PBXGroup section */
		3B1760BA204203CB002B4A9C = {
			isa = PBXGroup;
			children = (
				3B1760C5204203CB002B4A9C /* 174b */,
				3B1760C4204203CB002B4A9C /* Products */,
			);
			sourceTree = "<group>";
		};
		3B1760C4204203CB002B4A9C /* Products */ = {
			isa = PBXGroup;
			children = (
				3B1760C3204203CB002B4A9C /* 174b */,
			);
			name = Products;
			sourceTree = "<group>";
		};
		3B1760C5204203CB002B4A9C /* 174b */ = {
			isa = PBXGroup;
			children = (
				3B1760F020420741002B4A9C /* test.txt */,
				3B0C7DD62044993200280231 /* pairs.txt */,
				3B1760EE204205AE002B4A9C /* main.cpp */,
				3B1760DF2042053B002B4A9C /* bptree.cpp */,
				3B1760F32042122A002B4A9C /* writer.cpp */,
				3B1760F42042122A002B4A9C /* writer.h */,
				3B1760E02042053B002B4A9C /* bptree.h */,
				3B1760E12042053B002B4A9C /* console.cpp */,
				3B1760E22042053B002B4A9C /* console.h */,
				3B1760E32042053B002B4A9C /* database.cpp */,
				3B1760E42042053B002B4A9C /* database.h */,
				3B1760F9204212E1002B4A9C /* origin_reader.cpp */,
				3B1760FA204212E1002B4A9C /* origin_reader.h */,
				3B1760FC2042138E002B4A9C /* index_reader.cpp */,
				3B1760FD2042138E002B4A9C /* index_reader.h */,
				3B1760F72042129E002B4A9C /* sorter.cpp */,
				3B1760F620421291002B4A9C /* sorter.h */,
				3B1760FF20421915002B4A9C /* converter.cpp */,
				3B17610020421915002B4A9C /* converter.h */,
				3B1760E52042053B002B4A9C /* Makefile */,
				3B1760E62042053B002B4A9C /* page.cpp */,
				3B1760E72042053B002B4A9C /* page.h */,
				3B1760F12042095F002B4A9C /* command_checker.h */,
				3B17610220447E36002B4A9C /* tester.cpp */,
			);
			path = 174b;
			sourceTree = "<group>";
		};
/* End PBXGroup section */

/* Begin PBXNativeTarget section */
		3B1760C2204203CB002B4A9C /* 174b */ = {
			isa = PBXNativeTarget;
			buildConfigurationList = 3B1760CA204203CB002B4A9C /* Build configuration list for PBXNativeTarget "174b" */;
			buildPhases = (
				3B1760BF204203CB002B4A9C /* Sources */,
				3B1760C0204203CB002B4A9C /* Frameworks */,
				3B1760C1204203CB002B4A9C /* CopyFiles */,
			);
			buildRules = (
			);
			dependencies = (
			);
			name = 174b;
			productName = 174b;
			productReference = 3B1760C3204203CB002B4A9C /* 174b */;
			productType = "com.apple.product-type.tool";
		};
/* End PBXNativeTarget section */

/* Begin PBXProject section */
		3B1760BB204203CB002B4A9C /* Project object */ = {
			isa = PBXProject;
			attributes = {
				LastUpgradeCheck = 0830;
				ORGANIZATIONNAME = "Xiaofeng Xu";
				TargetAttributes = {
					3B1760C2204203CB002B4A9C = {
						CreatedOnToolsVersion = 8.3.3;
						ProvisioningStyle = Automatic;
					};
				};
			};
			buildConfigurationList = 3B1760BE204203CB002B4A9C /* Build configuration list for PBXProject "174b" */;
			compatibilityVersion = "Xcode 3.2";
			developmentRegion = English;
			hasScannedForEncodings = 0;
			knownRegions = (
				en,
			);
			mainGroup = 3B1760BA204203CB002B4A9C;
			productRefGroup = 3B1760C4204203CB002B4A9C /* Products */;
			projectDirPath = "";
			projectRoot = "";
			targets = (
				3B1760C2204203CB002B4A9C /* 174b */,
			);
		};
/* End PBXProject section */

/* Begin PBXSourcesBuildPhase section */
		3B1760BF204203CB002B4A9C /* Sources */ = {
			isa = PBXSourcesBuildPhase;
			buildActionMask = 2147483647;
			files = (
				3B1760EC2042053B002B4A9C /* Makefile in Sources */,
				3B1760EA2042053B002B4A9C /* console.cpp in Sources */,
				3B1760F82042129E002B4A9C /* sorter.cpp in Sources */,
				3B1760EF204205AE002B4A9C /* main.cpp in Sources */,
				3B17610120421915002B4A9C /* converter.cpp in Sources */,
				3B1760ED2042053B002B4A9C /* page.cpp in Sources */,
				3B1760FE2042138E002B4A9C /* index_reader.cpp in Sources */,
				3B1760EB2042053B002B4A9C /* database.cpp in Sources */,
				3B1760F52042122A002B4A9C /* writer.cpp in Sources */,
				3B1760FB204212E1002B4A9C /* origin_reader.cpp in Sources */,
				3B17610320447E36002B4A9C /* tester.cpp in Sources */,
				3B1760E92042053B002B4A9C /* bptree.cpp in Sources */,
			);
			runOnlyForDeploymentPostprocessing = 0;
		};
/* End PBXSourcesBuildPhase section */

/* Begin XCBuildConfiguration section */
		3B1760C8204203CB002B4A9C /* Debug */ = {
			isa = XCBuildConfiguration;
			buildSettings = {
				ALWAYS_SEARCH_USER_PATHS = NO;
				CLANG_ANALYZER_NONNULL = YES;
				CLANG_ANALYZER_NUMBER_OBJECT_CONVERSION = YES_AGGRESSIVE;
				CLANG_CXX_LANGUAGE_STANDARD = "gnu++0x";
				CLANG_CXX_LIBRARY = "libc++";
				CLANG_ENABLE_MODULES = YES;
				CLANG_ENABLE_OBJC_ARC = YES;
				CLANG_WARN_BOOL_CONVERSION = YES;
				CLANG_WARN_CONSTANT_CONVERSION = YES;
				CLANG_WARN_DIRECT_OBJC_ISA_USAGE = YES_ERROR;
				CLANG_WARN_DOCUMENTATION_COMMENTS = YES;
				CLANG_WARN_EMPTY_BODY = YES;
				CLANG_WARN_ENUM_CONVERSION = YES;
				CLANG_WARN_INFINITE_RECURSION = YES;
				CLANG_WARN_INT_CONVERSION = YES;
				CLANG_WARN_OBJC_ROOT_CLASS = YES_ERROR;
				CLANG_WARN_SUSPICIOUS_MOVE = YES;
				CLANG_WARN_UNREACHABLE_CODE = YES;
				CLANG_WARN__DUPLICATE_METHOD_MATCH = YES;
				CODE_SIGN_IDENTITY = "-";
				COPY_PHASE_STRIP = NO;
				DEBUG_INFORMATION_FORMAT = dwarf;
				ENABLE_STRICT_OBJC_MSGSEND = YES;
				ENABLE_TESTABILITY = YES;
				GCC_C_LANGUAGE_STANDARD = gnu99;
				GCC_DYNAMIC_NO_PIC = NO;
				GCC_NO_COMMON_BLOCKS = YES;
				GCC_OPTIMIZATION_LEVEL = 0;
				GCC_PREPROCESSOR_DEFINITIONS = (
					"DEBUG=1",
					"$(inherited)",
				);
				GCC_WARN_64_TO_32_BIT_CONVERSION = YES;
				GCC_WARN_ABOUT_RETURN_TYPE = YES_ERROR;
				GCC_WARN_UNDECLARED_SELECTOR = YES;
				GCC_WARN_UNINITIALIZED_AUTOS = YES_AGGRESSIVE;
				GCC_WARN_UNUSED_FUNCTION = YES;
				GCC_WARN_UNUSED_VARIABLE = YES;
				MACOSX_DEPLOYMENT_TARGET = 10.12;
				MTL_ENABLE_DEBUG_INFO = YES;
				ONLY_ACTIVE_ARCH = YES;
				SDKROOT = macosx;
			};
			name = Debug;
		};
		3B1760C9204203CB002B4A9C /* Release */ = {
			isa = XCBuildConfiguration;
			buildSettings = {
				ALWAYS_SEARCH_USER_PATHS = NO;
				CLANG_ANALYZER_NONNULL = YES;
				CLANG_ANALYZER_NUMBER_OBJECT_CONVERSION = YES_AGGRESSIVE;
				CLANG_CXX_LANGUAGE_STANDARD = "gnu++0x";
				CLANG_CXX_LIBRARY = "libc++";
				CLANG_ENABLE_MODULES = YES;
				CLANG_ENABLE_OBJC_ARC = YES;
				CLANG_WARN_BOOL_CONVERSION = YES;
				CLANG_WARN_CONSTANT_CONVERSION = YES;
				CLANG_WARN_DIRECT_OBJC_ISA_USAGE = YES_ERROR;
				CLANG_WARN_DOCUMENTATION_COMMENTS = YES;
				CLANG_WARN_EMPTY_BODY = YES;
				CLANG_WARN_ENUM_CONVERSION = YES;
				CLANG_WARN_INFINITE_RECURSION = YES;
				CLANG_WARN_INT_CONVERSION = YES;
				CLANG_WARN_OBJC_ROOT_CLASS = YES_ERROR;
				CLANG_WARN_SUSPICIOUS_MOVE = YES;
				CLANG_WARN_UNREACHABLE_CODE = YES;
				CLANG_WARN__DUPLICATE_METHOD_MATCH = YES;
				CODE_SIGN_IDENTITY = "-";
				COPY_PHASE_STRIP = NO;
				DEBUG_INFORMATION_FORMAT = "dwarf-with-dsym";
				ENABLE_NS_ASSERTIONS = NO;
				ENABLE_STRICT_OBJC_MSGSEND = YES;
				GCC_C_LANGUAGE_STANDARD = gnu99;
				GCC_NO_COMMON_BLOCKS = YES;
				GCC_WARN_64_TO_32_BIT_CONVERSION = YES;
				GCC_WARN_ABOUT_RETURN_TYPE = YES_ERROR;
				GCC_WARN_UNDECLARED_SELECTOR = YES;
				GCC_WARN_UNINITIALIZED_AUTOS = YES_AGGRESSIVE;
				GCC_WARN_UNUSED_FUNCTION = YES;
				GCC_WARN_UNUSED_VARIABLE = YES;
				MACOSX_DEPLOYMENT_TARGET = 10.12;
				MTL_ENABLE_DEBUG_INFO = NO;
				SDKROOT = macosx;
			};
			name = Release;
		};
		3B1760CB204203CB002B4A9C /* Debug */ = {
			isa = XCBuildConfiguration;
			buildSettings = {
				PRODUCT_NAME = "$(TARGET_NAME)";
			};
			name = Debug;
		};
		3B1760CC204203CB002B4A9C /* Release */ = {
			isa = XCBuildConfiguration;
			buildSettings = {
				PRODUCT_NAME = "$(TARGET_NAME)";
			};
			name = Release;
		};
/* End XCBuildConfiguration section */

/* Begin XCConfigurationList section */
		3B1760BE204203CB002B4A9C /* Build configuration list for PBXProject "174b" */ = {
			isa = XCConfigurationList;
			buildConfigurations = (
				3B1760C8204203CB002B4A9C /* Debug */,
				3B1760C9204203CB002B4A9C /* Release */,
			);
			defaultConfigurationIsVisible = 0;
			defaultConfigurationName = Release;
		};
		3B1760CA204203CB002B4A9C /* Build configuration list for PBXNativeTarget "174b" */ = {
			isa = XCConfigurationList;
			buildConfigurations = (
				3B1760CB204203CB002B4A9C /* Debug */,
				3B1760CC204203CB002B4A9C /* Release */,
			);
			defaultConfigurationIsVisible = 0;
			defaultConfigurationName = Release;
		};
/* End XCConfigurationList section */
	};
	rootObject = 3B1760BB204203CB002B4A9C /* Project object */;
}
